{
  "name": "storyweb",
  "version": "1.2.1",
  "lockfileVersion": 1,
  "requires": true,
  "dependencies": {
    "@types/debug": {
      "version": "4.1.8",
      "resolved": "https://registry.npmjs.org/@types/debug/-/debug-4.1.8.tgz",
      "integrity": "sha512-/vPO1EPOs306Cvhwv7KfVfYvOJqA/S/AXjaHQiJboCZzcNDb+TIJFN9/2C9DZ//ijSKWioNyUxD792QmDJ+HKQ==",
      "requires": {
        "@types/ms": "*"
      }
    },
    "@types/mdast": {
      "version": "4.0.0",
      "resolved": "https://registry.npmjs.org/@types/mdast/-/mdast-4.0.0.tgz",
      "integrity": "sha512-YLeG8CujC9adtj/kuDzq1N4tCDYKoZ5l/bnjq8d74+t/3q/tHquJOJKUQXJrLCflOHpKjXgcI/a929gpmLOEng==",
      "requires": {
        "@types/unist": "*"
      }
    },
    "@types/ms": {
      "version": "0.7.31",
      "resolved": "https://registry.npmjs.org/@types/ms/-/ms-0.7.31.tgz",
      "integrity": "sha512-iiUgKzV9AuaEkZqkOLDIvlQiL6ltuZd9tGcW3gwpnX8JbuiuhFlEGmmFXEXkN50Cvq7Os88IY2v0dkDqXYWVgA=="
    },
    "@types/unist": {
      "version": "2.0.3",
      "resolved": "https://registry.npmjs.org/@types/unist/-/unist-2.0.3.tgz",
      "integrity": "sha512-FvUupuM3rlRsRtCN+fDudtmytGO6iHJuuRKS1Ss0pG5z8oX0diNEw94UEL7hgDbpN94rgaK5R7sWm6RrSkZuAQ=="
    },
    "bail": {
      "version": "2.0.2",
      "resolved": "https://registry.npmjs.org/bail/-/bail-2.0.2.tgz",
      "integrity": "sha512-0xO6mYd7JB2YesxDKplafRpsiOzPt9V02ddPCLbY1xYGPOX24NTyN50qnUxgCPcSoYMhKpAuBTjQoRZCAkUDRw=="
    },
    "base-x": {
      "version": "4.0.0",
      "resolved": "https://registry.npmjs.org/base-x/-/base-x-4.0.0.tgz",
      "integrity": "sha512-FuwxlW4H5kh37X/oW59pwTzzTKRzfrrQwhmyspRM7swOEZcHtDZSCt45U6oKgtuFE+WYPblePMVIPR4RZrh/hw=="
    },
    "character-entities": {
      "version": "2.0.1",
      "resolved": "https://registry.npmjs.org/character-entities/-/character-entities-2.0.1.tgz",
      "integrity": "sha512-OzmutCf2Kmc+6DrFrrPS8/tDh2+DpnrfzdICHWhcVC9eOd0N1PXmQEE1a8iM4IziIAG+8tmTq3K+oo0ubH6RRQ=="
    },
    "debug": {
      "version": "4.3.4",
      "resolved": "https://registry.npmjs.org/debug/-/debug-4.3.4.tgz",
      "integrity": "sha512-PRWFHuSU3eDtQJPvnNY7Jcket1j0t5OuOsFzPPzsekD52Zl8qUfFIPEiswXqIvHWGVHOgX+7G/vCNNhehwxfkQ==",
      "requires": {
        "ms": "2.1.2"
      }
    },
    "decode-named-character-reference": {
      "version": "1.0.2",
      "resolved": "https://registry.npmjs.org/decode-named-character-reference/-/decode-named-character-reference-1.0.2.tgz",
      "integrity": "sha512-O8x12RzrUF8xyVcY0KJowWsmaJxQbmy0/EtnNtHRpsOcT7dFk5W598coHqBVpmWo1oQQfsCqfCmkZN5DJrZVdg==",
      "requires": {
        "character-entities": "^2.0.0"
      }
    },
    "dequal": {
      "version": "2.0.3",
      "resolved": "https://registry.npmjs.org/dequal/-/dequal-2.0.3.tgz",
      "integrity": "sha512-0je+qPKHEMohvfRTCEo3CrPG6cAzAYgmzKyxRiYSSDkS6eGJdyVJm7WaYA5ECaAD9wLB2T4EEeymA5aFVcYXCA=="
    },
    "devlop": {
      "version": "1.1.0",
      "resolved": "https://registry.npmjs.org/devlop/-/devlop-1.1.0.tgz",
      "integrity": "sha512-RWmIqhcFf1lRYBvNmr7qTNuyCt/7/ns2jbpp1+PalgE/rDQcBT0fioSMUpJ93irlUhC5hrg4cYqe6U+0ImW0rA==",
      "requires": {
        "dequal": "^2.0.0"
      }
    },
    "escape-string-regexp": {
      "version": "5.0.0",
      "resolved": "https://registry.npmjs.org/escape-string-regexp/-/escape-string-regexp-5.0.0.tgz",
      "integrity": "sha512-/veY75JbMK4j1yjvuUxuVsiS/hr/4iHs9FTT6cgTexxdE0Ly/glccBAkloH/DofkjRbZU3bnoj38mOmhkZ0lHw=="
    },
    "extend": {
      "version": "3.0.2",
      "resolved": "https://registry.npmjs.org/extend/-/extend-3.0.2.tgz",
      "integrity": "sha512-fjquC59cD7CyW6urNXK0FBufkZcoiGG80wTuPujX590cB5Ttln20E2UB4S/WARVqhXffZl2LNgS+gQdPIIim/g=="
    },
    "fault": {
      "version": "2.0.1",
      "resolved": "https://registry.npmjs.org/fault/-/fault-2.0.1.tgz",
      "integrity": "sha512-WtySTkS4OKev5JtpHXnib4Gxiurzh5NCGvWrFaZ34m6JehfTUhKZvn9njTfw48t6JumVQOmrKqpmGcdwxnhqBQ==",
      "requires": {
        "format": "^0.2.0"
      }
    },
    "format": {
      "version": "0.2.2",
      "resolved": "https://registry.npmjs.org/format/-/format-0.2.2.tgz",
      "integrity": "sha512-wzsgA6WOq+09wrU1tsJ09udeR/YZRaeArL9e1wPbFg3GG2yDnC2ldKpxs4xunpFF9DgqCqOIra3bc1HWrJ37Ww=="
    },
    "is-plain-obj": {
      "version": "4.1.0",
      "resolved": "https://registry.npmjs.org/is-plain-obj/-/is-plain-obj-4.1.0.tgz",
      "integrity": "sha512-+Pgi+vMuUNkJyExiMBt5IlFoMyKnr5zhJ4Uspz58WOhBF5QoIZkFyNHIbBAtHwzVAgk5RtndVNsDRN61/mmDqg=="
    },
    "klaw": {
      "version": "4.1.0",
      "resolved": "https://registry.npmjs.org/klaw/-/klaw-4.1.0.tgz",
      "integrity": "sha512-1zGZ9MF9H22UnkpVeuaGKOjfA2t6WrfdrJmGjy16ykcjnKQDmHVX+KI477rpbGevz/5FD4MC3xf1oxylBgcaQw=="
    },
    "longest-streak": {
      "version": "3.1.0",
      "resolved": "https://registry.npmjs.org/longest-streak/-/longest-streak-3.1.0.tgz",
      "integrity": "sha512-9Ri+o0JYgehTaVBBDoMqIl8GXtbWg711O3srftcHhZ0dqnETqLaoIK0x17fUw9rFSlK/0NlsKe0Ahhyl5pXE2g=="
    },
    "mdast-squeeze-paragraphs": {
      "version": "6.0.0",
      "resolved": "https://registry.npmjs.org/mdast-squeeze-paragraphs/-/mdast-squeeze-paragraphs-6.0.0.tgz",
      "integrity": "sha512-6NDbJPTg0M0Ye+TlYwX1KJ1LFbp515P2immRJyJQhc9Na9cetHzSoHNYIQcXpANEAP1sm9yd/CTZU2uHqR5A+w==",
      "requires": {
        "@types/mdast": "^4.0.0",
        "unist-util-visit": "^5.0.0"
      }
    },
    "mdast-util-from-markdown": {
      "version": "2.0.0",
      "resolved": "https://registry.npmjs.org/mdast-util-from-markdown/-/mdast-util-from-markdown-2.0.0.tgz",
      "integrity": "sha512-n7MTOr/z+8NAX/wmhhDji8O3bRvPTV/U0oTCaZJkjhPSKTPhS3xufVhKGF8s1pJ7Ox4QgoIU7KHseh09S+9rTA==",
      "requires": {
        "@types/mdast": "^4.0.0",
        "@types/unist": "^3.0.0",
        "decode-named-character-reference": "^1.0.0",
        "devlop": "^1.0.0",
        "mdast-util-to-string": "^4.0.0",
        "micromark": "^4.0.0",
        "micromark-util-decode-numeric-character-reference": "^2.0.0",
        "micromark-util-decode-string": "^2.0.0",
        "micromark-util-normalize-identifier": "^2.0.0",
        "micromark-util-symbol": "^2.0.0",
        "micromark-util-types": "^2.0.0",
        "unist-util-stringify-position": "^4.0.0"
      },
      "dependencies": {
        "@types/mdast": {
          "version": "4.0.0",
          "resolved": "https://registry.npmjs.org/@types/mdast/-/mdast-4.0.0.tgz",
          "integrity": "sha512-YLeG8CujC9adtj/kuDzq1N4tCDYKoZ5l/bnjq8d74+t/3q/tHquJOJKUQXJrLCflOHpKjXgcI/a929gpmLOEng==",
          "requires": {
            "@types/unist": "*"
          }
        },
        "@types/unist": {
          "version": "3.0.0",
          "resolved": "https://registry.npmjs.org/@types/unist/-/unist-3.0.0.tgz",
          "integrity": "sha512-MFETx3tbTjE7Uk6vvnWINA/1iJ7LuMdO4fcq8UfF0pRbj01aGLduVvQcRyswuACJdpnHgg8E3rQLhaRdNEJS0w=="
        },
        "mdast-util-to-string": {
          "version": "4.0.0",
          "resolved": "https://registry.npmjs.org/mdast-util-to-string/-/mdast-util-to-string-4.0.0.tgz",
          "integrity": "sha512-0H44vDimn51F0YwvxSJSm0eCDOJTRlmN0R1yBh4HLj9wiV1Dn0QoXGbvFAWj2hSItVTlCmBF1hqKlIyUBVFLPg==",
          "requires": {
            "@types/mdast": "^4.0.0"
          }
        },
        "micromark-util-character": {
          "version": "2.0.1",
          "resolved": "https://registry.npmjs.org/micromark-util-character/-/micromark-util-character-2.0.1.tgz",
          "integrity": "sha512-3wgnrmEAJ4T+mGXAUfMvMAbxU9RDG43XmGce4j6CwPtVxB3vfwXSZ6KhFwDzZ3mZHhmPimMAXg71veiBGzeAZw==",
          "requires": {
            "micromark-util-symbol": "^2.0.0",
            "micromark-util-types": "^2.0.0"
          }
        },
        "micromark-util-decode-numeric-character-reference": {
          "version": "2.0.0",
          "resolved": "https://registry.npmjs.org/micromark-util-decode-numeric-character-reference/-/micromark-util-decode-numeric-character-reference-2.0.0.tgz",
          "integrity": "sha512-pIgcsGxpHEtTG/rPJRz/HOLSqp5VTuIIjXlPI+6JSDlK2oljApusG6KzpS8AF0ENUMCHlC/IBb5B9xdFiVlm5Q==",
          "requires": {
            "micromark-util-symbol": "^2.0.0"
          }
        },
        "micromark-util-decode-string": {
          "version": "2.0.0",
          "resolved": "https://registry.npmjs.org/micromark-util-decode-string/-/micromark-util-decode-string-2.0.0.tgz",
          "integrity": "sha512-r4Sc6leeUTn3P6gk20aFMj2ntPwn6qpDZqWvYmAG6NgvFTIlj4WtrAudLi65qYoaGdXYViXYw2pkmn7QnIFasA==",
          "requires": {
            "decode-named-character-reference": "^1.0.0",
            "micromark-util-character": "^2.0.0",
            "micromark-util-decode-numeric-character-reference": "^2.0.0",
            "micromark-util-symbol": "^2.0.0"
          }
        },
        "micromark-util-symbol": {
          "version": "2.0.0",
          "resolved": "https://registry.npmjs.org/micromark-util-symbol/-/micromark-util-symbol-2.0.0.tgz",
          "integrity": "sha512-8JZt9ElZ5kyTnO94muPxIGS8oyElRJaiJO8EzV6ZSyGQ1Is8xwl4Q45qU5UOg+bGH4AikWziz0iN4sFLWs8PGw=="
        },
        "micromark-util-types": {
          "version": "2.0.0",
          "resolved": "https://registry.npmjs.org/micromark-util-types/-/micromark-util-types-2.0.0.tgz",
          "integrity": "sha512-oNh6S2WMHWRZrmutsRmDDfkzKtxF+bc2VxLC9dvtrDIRFln627VsFP6fLMgTryGDljgLPjkrzQSDcPrjPyDJ5w=="
        },
        "unist-util-stringify-position": {
          "version": "4.0.0",
          "resolved": "https://registry.npmjs.org/unist-util-stringify-position/-/unist-util-stringify-position-4.0.0.tgz",
          "integrity": "sha512-0ASV06AAoKCDkS2+xw5RXJywruurpbC4JZSm7nr7MOt1ojAzvyyaO+UxZf18j8FCF6kmzCZKcAgN/yu2gm2XgQ==",
          "requires": {
            "@types/unist": "^3.0.0"
          }
        }
      }
    },
    "mdast-util-frontmatter": {
      "version": "2.0.1",
      "resolved": "https://registry.npmjs.org/mdast-util-frontmatter/-/mdast-util-frontmatter-2.0.1.tgz",
      "integrity": "sha512-LRqI9+wdgC25P0URIJY9vwocIzCcksduHQ9OF2joxQoyTNVduwLAFUzjoopuRJbJAReaKrNQKAZKL3uCMugWJA==",
      "requires": {
        "@types/mdast": "^4.0.0",
        "devlop": "^1.0.0",
        "escape-string-regexp": "^5.0.0",
        "mdast-util-from-markdown": "^2.0.0",
        "mdast-util-to-markdown": "^2.0.0",
        "micromark-extension-frontmatter": "^2.0.0"
      },
      "dependencies": {
        "@types/mdast": {
          "version": "4.0.0",
          "resolved": "https://registry.npmjs.org/@types/mdast/-/mdast-4.0.0.tgz",
          "integrity": "sha512-YLeG8CujC9adtj/kuDzq1N4tCDYKoZ5l/bnjq8d74+t/3q/tHquJOJKUQXJrLCflOHpKjXgcI/a929gpmLOEng==",
          "requires": {
            "@types/unist": "*"
          }
        }
      }
    },
    "mdast-util-phrasing": {
      "version": "4.0.0",
      "resolved": "https://registry.npmjs.org/mdast-util-phrasing/-/mdast-util-phrasing-4.0.0.tgz",
      "integrity": "sha512-xadSsJayQIucJ9n053dfQwVu1kuXg7jCTdYsMK8rqzKZh52nLfSH/k0sAxE0u+pj/zKZX+o5wB+ML5mRayOxFA==",
      "requires": {
        "@types/mdast": "^4.0.0",
        "unist-util-is": "^6.0.0"
      },
      "dependencies": {
        "@types/mdast": {
          "version": "4.0.0",
          "resolved": "https://registry.npmjs.org/@types/mdast/-/mdast-4.0.0.tgz",
          "integrity": "sha512-YLeG8CujC9adtj/kuDzq1N4tCDYKoZ5l/bnjq8d74+t/3q/tHquJOJKUQXJrLCflOHpKjXgcI/a929gpmLOEng==",
          "requires": {
            "@types/unist": "*"
          }
        },
        "unist-util-is": {
          "version": "6.0.0",
          "resolved": "https://registry.npmjs.org/unist-util-is/-/unist-util-is-6.0.0.tgz",
          "integrity": "sha512-2qCTHimwdxLfz+YzdGfkqNlH0tLi9xjTnHddPmJwtIG9MGsdbutfTc4P+haPD7l7Cjxf/WZj+we5qfVPvvxfYw==",
          "requires": {
            "@types/unist": "^3.0.0"
          },
          "dependencies": {
            "@types/unist": {
              "version": "3.0.0",
              "resolved": "https://registry.npmjs.org/@types/unist/-/unist-3.0.0.tgz",
              "integrity": "sha512-MFETx3tbTjE7Uk6vvnWINA/1iJ7LuMdO4fcq8UfF0pRbj01aGLduVvQcRyswuACJdpnHgg8E3rQLhaRdNEJS0w=="
            }
          }
        }
      }
    },
    "mdast-util-to-markdown": {
      "version": "2.1.0",
      "resolved": "https://registry.npmjs.org/mdast-util-to-markdown/-/mdast-util-to-markdown-2.1.0.tgz",
      "integrity": "sha512-SR2VnIEdVNCJbP6y7kVTJgPLifdr8WEU440fQec7qHoHOUz/oJ2jmNRqdDQ3rbiStOXb2mCDGTuwsK5OPUgYlQ==",
      "requires": {
        "@types/mdast": "^4.0.0",
        "@types/unist": "^3.0.0",
        "longest-streak": "^3.0.0",
        "mdast-util-phrasing": "^4.0.0",
        "mdast-util-to-string": "^4.0.0",
        "micromark-util-decode-string": "^2.0.0",
        "unist-util-visit": "^5.0.0",
        "zwitch": "^2.0.0"
      },
      "dependencies": {
        "@types/mdast": {
          "version": "4.0.0",
          "resolved": "https://registry.npmjs.org/@types/mdast/-/mdast-4.0.0.tgz",
          "integrity": "sha512-YLeG8CujC9adtj/kuDzq1N4tCDYKoZ5l/bnjq8d74+t/3q/tHquJOJKUQXJrLCflOHpKjXgcI/a929gpmLOEng==",
          "requires": {
            "@types/unist": "*"
          }
        },
        "@types/unist": {
          "version": "3.0.0",
          "resolved": "https://registry.npmjs.org/@types/unist/-/unist-3.0.0.tgz",
          "integrity": "sha512-MFETx3tbTjE7Uk6vvnWINA/1iJ7LuMdO4fcq8UfF0pRbj01aGLduVvQcRyswuACJdpnHgg8E3rQLhaRdNEJS0w=="
        },
        "mdast-util-to-string": {
          "version": "4.0.0",
          "resolved": "https://registry.npmjs.org/mdast-util-to-string/-/mdast-util-to-string-4.0.0.tgz",
          "integrity": "sha512-0H44vDimn51F0YwvxSJSm0eCDOJTRlmN0R1yBh4HLj9wiV1Dn0QoXGbvFAWj2hSItVTlCmBF1hqKlIyUBVFLPg==",
          "requires": {
            "@types/mdast": "^4.0.0"
          }
        },
        "micromark-util-character": {
          "version": "2.0.1",
          "resolved": "https://registry.npmjs.org/micromark-util-character/-/micromark-util-character-2.0.1.tgz",
          "integrity": "sha512-3wgnrmEAJ4T+mGXAUfMvMAbxU9RDG43XmGce4j6CwPtVxB3vfwXSZ6KhFwDzZ3mZHhmPimMAXg71veiBGzeAZw==",
          "requires": {
            "micromark-util-symbol": "^2.0.0",
            "micromark-util-types": "^2.0.0"
          }
        },
        "micromark-util-decode-numeric-character-reference": {
          "version": "2.0.0",
          "resolved": "https://registry.npmjs.org/micromark-util-decode-numeric-character-reference/-/micromark-util-decode-numeric-character-reference-2.0.0.tgz",
          "integrity": "sha512-pIgcsGxpHEtTG/rPJRz/HOLSqp5VTuIIjXlPI+6JSDlK2oljApusG6KzpS8AF0ENUMCHlC/IBb5B9xdFiVlm5Q==",
          "requires": {
            "micromark-util-symbol": "^2.0.0"
          }
        },
        "micromark-util-decode-string": {
          "version": "2.0.0",
          "resolved": "https://registry.npmjs.org/micromark-util-decode-string/-/micromark-util-decode-string-2.0.0.tgz",
          "integrity": "sha512-r4Sc6leeUTn3P6gk20aFMj2ntPwn6qpDZqWvYmAG6NgvFTIlj4WtrAudLi65qYoaGdXYViXYw2pkmn7QnIFasA==",
          "requires": {
            "decode-named-character-reference": "^1.0.0",
            "micromark-util-character": "^2.0.0",
            "micromark-util-decode-numeric-character-reference": "^2.0.0",
            "micromark-util-symbol": "^2.0.0"
          }
        },
        "micromark-util-symbol": {
          "version": "2.0.0",
          "resolved": "https://registry.npmjs.org/micromark-util-symbol/-/micromark-util-symbol-2.0.0.tgz",
          "integrity": "sha512-8JZt9ElZ5kyTnO94muPxIGS8oyElRJaiJO8EzV6ZSyGQ1Is8xwl4Q45qU5UOg+bGH4AikWziz0iN4sFLWs8PGw=="
        },
        "micromark-util-types": {
          "version": "2.0.0",
          "resolved": "https://registry.npmjs.org/micromark-util-types/-/micromark-util-types-2.0.0.tgz",
          "integrity": "sha512-oNh6S2WMHWRZrmutsRmDDfkzKtxF+bc2VxLC9dvtrDIRFln627VsFP6fLMgTryGDljgLPjkrzQSDcPrjPyDJ5w=="
        }
      }
    },
    "micromark": {
      "version": "4.0.0",
      "resolved": "https://registry.npmjs.org/micromark/-/micromark-4.0.0.tgz",
      "integrity": "sha512-o/sd0nMof8kYff+TqcDx3VSrgBTcZpSvYcAHIfHhv5VAuNmisCxjhx6YmxS8PFEpb9z5WKWKPdzf0jM23ro3RQ==",
      "requires": {
        "@types/debug": "^4.0.0",
        "debug": "^4.0.0",
        "decode-named-character-reference": "^1.0.0",
        "devlop": "^1.0.0",
        "micromark-core-commonmark": "^2.0.0",
        "micromark-factory-space": "^2.0.0",
        "micromark-util-character": "^2.0.0",
        "micromark-util-chunked": "^2.0.0",
        "micromark-util-combine-extensions": "^2.0.0",
        "micromark-util-decode-numeric-character-reference": "^2.0.0",
        "micromark-util-encode": "^2.0.0",
        "micromark-util-normalize-identifier": "^2.0.0",
        "micromark-util-resolve-all": "^2.0.0",
        "micromark-util-sanitize-uri": "^2.0.0",
        "micromark-util-subtokenize": "^2.0.0",
        "micromark-util-symbol": "^2.0.0",
        "micromark-util-types": "^2.0.0"
      },
      "dependencies": {
        "micromark-util-character": {
          "version": "2.0.1",
          "resolved": "https://registry.npmjs.org/micromark-util-character/-/micromark-util-character-2.0.1.tgz",
          "integrity": "sha512-3wgnrmEAJ4T+mGXAUfMvMAbxU9RDG43XmGce4j6CwPtVxB3vfwXSZ6KhFwDzZ3mZHhmPimMAXg71veiBGzeAZw==",
          "requires": {
            "micromark-util-symbol": "^2.0.0",
            "micromark-util-types": "^2.0.0"
          }
        },
        "micromark-util-decode-numeric-character-reference": {
          "version": "2.0.0",
          "resolved": "https://registry.npmjs.org/micromark-util-decode-numeric-character-reference/-/micromark-util-decode-numeric-character-reference-2.0.0.tgz",
          "integrity": "sha512-pIgcsGxpHEtTG/rPJRz/HOLSqp5VTuIIjXlPI+6JSDlK2oljApusG6KzpS8AF0ENUMCHlC/IBb5B9xdFiVlm5Q==",
          "requires": {
            "micromark-util-symbol": "^2.0.0"
          }
        },
        "micromark-util-symbol": {
          "version": "2.0.0",
          "resolved": "https://registry.npmjs.org/micromark-util-symbol/-/micromark-util-symbol-2.0.0.tgz",
          "integrity": "sha512-8JZt9ElZ5kyTnO94muPxIGS8oyElRJaiJO8EzV6ZSyGQ1Is8xwl4Q45qU5UOg+bGH4AikWziz0iN4sFLWs8PGw=="
        },
        "micromark-util-types": {
          "version": "2.0.0",
          "resolved": "https://registry.npmjs.org/micromark-util-types/-/micromark-util-types-2.0.0.tgz",
          "integrity": "sha512-oNh6S2WMHWRZrmutsRmDDfkzKtxF+bc2VxLC9dvtrDIRFln627VsFP6fLMgTryGDljgLPjkrzQSDcPrjPyDJ5w=="
        }
      }
    },
    "micromark-core-commonmark": {
      "version": "2.0.0",
      "resolved": "https://registry.npmjs.org/micromark-core-commonmark/-/micromark-core-commonmark-2.0.0.tgz",
      "integrity": "sha512-jThOz/pVmAYUtkroV3D5c1osFXAMv9e0ypGDOIZuCeAe91/sD6BoE2Sjzt30yuXtwOYUmySOhMas/PVyh02itA==",
      "requires": {
        "decode-named-character-reference": "^1.0.0",
        "devlop": "^1.0.0",
        "micromark-factory-destination": "^2.0.0",
        "micromark-factory-label": "^2.0.0",
        "micromark-factory-space": "^2.0.0",
        "micromark-factory-title": "^2.0.0",
        "micromark-factory-whitespace": "^2.0.0",
        "micromark-util-character": "^2.0.0",
        "micromark-util-chunked": "^2.0.0",
        "micromark-util-classify-character": "^2.0.0",
        "micromark-util-html-tag-name": "^2.0.0",
        "micromark-util-normalize-identifier": "^2.0.0",
        "micromark-util-resolve-all": "^2.0.0",
        "micromark-util-subtokenize": "^2.0.0",
        "micromark-util-symbol": "^2.0.0",
        "micromark-util-types": "^2.0.0"
      },
      "dependencies": {
        "micromark-util-character": {
          "version": "2.0.1",
          "resolved": "https://registry.npmjs.org/micromark-util-character/-/micromark-util-character-2.0.1.tgz",
          "integrity": "sha512-3wgnrmEAJ4T+mGXAUfMvMAbxU9RDG43XmGce4j6CwPtVxB3vfwXSZ6KhFwDzZ3mZHhmPimMAXg71veiBGzeAZw==",
          "requires": {
            "micromark-util-symbol": "^2.0.0",
            "micromark-util-types": "^2.0.0"
          }
        },
        "micromark-util-symbol": {
          "version": "2.0.0",
          "resolved": "https://registry.npmjs.org/micromark-util-symbol/-/micromark-util-symbol-2.0.0.tgz",
          "integrity": "sha512-8JZt9ElZ5kyTnO94muPxIGS8oyElRJaiJO8EzV6ZSyGQ1Is8xwl4Q45qU5UOg+bGH4AikWziz0iN4sFLWs8PGw=="
        },
        "micromark-util-types": {
          "version": "2.0.0",
          "resolved": "https://registry.npmjs.org/micromark-util-types/-/micromark-util-types-2.0.0.tgz",
          "integrity": "sha512-oNh6S2WMHWRZrmutsRmDDfkzKtxF+bc2VxLC9dvtrDIRFln627VsFP6fLMgTryGDljgLPjkrzQSDcPrjPyDJ5w=="
        }
      }
    },
    "micromark-extension-frontmatter": {
      "version": "2.0.0",
      "resolved": "https://registry.npmjs.org/micromark-extension-frontmatter/-/micromark-extension-frontmatter-2.0.0.tgz",
      "integrity": "sha512-C4AkuM3dA58cgZha7zVnuVxBhDsbttIMiytjgsM2XbHAB2faRVaHRle40558FBN+DJcrLNCoqG5mlrpdU4cRtg==",
      "requires": {
        "fault": "^2.0.0",
        "micromark-util-character": "^2.0.0",
        "micromark-util-symbol": "^2.0.0",
        "micromark-util-types": "^2.0.0"
      }
    },
    "micromark-factory-destination": {
      "version": "2.0.0",
      "resolved": "https://registry.npmjs.org/micromark-factory-destination/-/micromark-factory-destination-2.0.0.tgz",
      "integrity": "sha512-j9DGrQLm/Uhl2tCzcbLhy5kXsgkHUrjJHg4fFAeoMRwJmJerT9aw4FEhIbZStWN8A3qMwOp1uzHr4UL8AInxtA==",
      "requires": {
        "micromark-util-character": "^2.0.0",
        "micromark-util-symbol": "^2.0.0",
        "micromark-util-types": "^2.0.0"
      },
      "dependencies": {
        "micromark-util-character": {
          "version": "2.0.1",
          "resolved": "https://registry.npmjs.org/micromark-util-character/-/micromark-util-character-2.0.1.tgz",
          "integrity": "sha512-3wgnrmEAJ4T+mGXAUfMvMAbxU9RDG43XmGce4j6CwPtVxB3vfwXSZ6KhFwDzZ3mZHhmPimMAXg71veiBGzeAZw==",
          "requires": {
            "micromark-util-symbol": "^2.0.0",
            "micromark-util-types": "^2.0.0"
          }
        },
        "micromark-util-symbol": {
          "version": "2.0.0",
          "resolved": "https://registry.npmjs.org/micromark-util-symbol/-/micromark-util-symbol-2.0.0.tgz",
          "integrity": "sha512-8JZt9ElZ5kyTnO94muPxIGS8oyElRJaiJO8EzV6ZSyGQ1Is8xwl4Q45qU5UOg+bGH4AikWziz0iN4sFLWs8PGw=="
        },
        "micromark-util-types": {
          "version": "2.0.0",
          "resolved": "https://registry.npmjs.org/micromark-util-types/-/micromark-util-types-2.0.0.tgz",
          "integrity": "sha512-oNh6S2WMHWRZrmutsRmDDfkzKtxF+bc2VxLC9dvtrDIRFln627VsFP6fLMgTryGDljgLPjkrzQSDcPrjPyDJ5w=="
        }
      }
    },
    "micromark-factory-label": {
      "version": "2.0.0",
      "resolved": "https://registry.npmjs.org/micromark-factory-label/-/micromark-factory-label-2.0.0.tgz",
      "integrity": "sha512-RR3i96ohZGde//4WSe/dJsxOX6vxIg9TimLAS3i4EhBAFx8Sm5SmqVfR8E87DPSR31nEAjZfbt91OMZWcNgdZw==",
      "requires": {
        "devlop": "^1.0.0",
        "micromark-util-character": "^2.0.0",
        "micromark-util-symbol": "^2.0.0",
        "micromark-util-types": "^2.0.0"
      },
      "dependencies": {
        "micromark-util-character": {
          "version": "2.0.1",
          "resolved": "https://registry.npmjs.org/micromark-util-character/-/micromark-util-character-2.0.1.tgz",
          "integrity": "sha512-3wgnrmEAJ4T+mGXAUfMvMAbxU9RDG43XmGce4j6CwPtVxB3vfwXSZ6KhFwDzZ3mZHhmPimMAXg71veiBGzeAZw==",
          "requires": {
            "micromark-util-symbol": "^2.0.0",
            "micromark-util-types": "^2.0.0"
          }
        },
        "micromark-util-symbol": {
          "version": "2.0.0",
          "resolved": "https://registry.npmjs.org/micromark-util-symbol/-/micromark-util-symbol-2.0.0.tgz",
          "integrity": "sha512-8JZt9ElZ5kyTnO94muPxIGS8oyElRJaiJO8EzV6ZSyGQ1Is8xwl4Q45qU5UOg+bGH4AikWziz0iN4sFLWs8PGw=="
        },
        "micromark-util-types": {
          "version": "2.0.0",
          "resolved": "https://registry.npmjs.org/micromark-util-types/-/micromark-util-types-2.0.0.tgz",
          "integrity": "sha512-oNh6S2WMHWRZrmutsRmDDfkzKtxF+bc2VxLC9dvtrDIRFln627VsFP6fLMgTryGDljgLPjkrzQSDcPrjPyDJ5w=="
        }
      }
    },
    "micromark-factory-space": {
      "version": "2.0.0",
      "resolved": "https://registry.npmjs.org/micromark-factory-space/-/micromark-factory-space-2.0.0.tgz",
      "integrity": "sha512-TKr+LIDX2pkBJXFLzpyPyljzYK3MtmllMUMODTQJIUfDGncESaqB90db9IAUcz4AZAJFdd8U9zOp9ty1458rxg==",
      "requires": {
        "micromark-util-character": "^2.0.0",
        "micromark-util-types": "^2.0.0"
      },
      "dependencies": {
        "micromark-util-character": {
          "version": "2.0.1",
          "resolved": "https://registry.npmjs.org/micromark-util-character/-/micromark-util-character-2.0.1.tgz",
          "integrity": "sha512-3wgnrmEAJ4T+mGXAUfMvMAbxU9RDG43XmGce4j6CwPtVxB3vfwXSZ6KhFwDzZ3mZHhmPimMAXg71veiBGzeAZw==",
          "requires": {
            "micromark-util-symbol": "^2.0.0",
            "micromark-util-types": "^2.0.0"
          }
        },
        "micromark-util-symbol": {
          "version": "2.0.0",
          "resolved": "https://registry.npmjs.org/micromark-util-symbol/-/micromark-util-symbol-2.0.0.tgz",
          "integrity": "sha512-8JZt9ElZ5kyTnO94muPxIGS8oyElRJaiJO8EzV6ZSyGQ1Is8xwl4Q45qU5UOg+bGH4AikWziz0iN4sFLWs8PGw=="
        },
        "micromark-util-types": {
          "version": "2.0.0",
          "resolved": "https://registry.npmjs.org/micromark-util-types/-/micromark-util-types-2.0.0.tgz",
          "integrity": "sha512-oNh6S2WMHWRZrmutsRmDDfkzKtxF+bc2VxLC9dvtrDIRFln627VsFP6fLMgTryGDljgLPjkrzQSDcPrjPyDJ5w=="
        }
      }
    },
    "micromark-factory-title": {
      "version": "2.0.0",
      "resolved": "https://registry.npmjs.org/micromark-factory-title/-/micromark-factory-title-2.0.0.tgz",
      "integrity": "sha512-jY8CSxmpWLOxS+t8W+FG3Xigc0RDQA9bKMY/EwILvsesiRniiVMejYTE4wumNc2f4UbAa4WsHqe3J1QS1sli+A==",
      "requires": {
        "micromark-factory-space": "^2.0.0",
        "micromark-util-character": "^2.0.0",
        "micromark-util-symbol": "^2.0.0",
        "micromark-util-types": "^2.0.0"
      },
      "dependencies": {
        "micromark-util-character": {
          "version": "2.0.1",
          "resolved": "https://registry.npmjs.org/micromark-util-character/-/micromark-util-character-2.0.1.tgz",
          "integrity": "sha512-3wgnrmEAJ4T+mGXAUfMvMAbxU9RDG43XmGce4j6CwPtVxB3vfwXSZ6KhFwDzZ3mZHhmPimMAXg71veiBGzeAZw==",
          "requires": {
            "micromark-util-symbol": "^2.0.0",
            "micromark-util-types": "^2.0.0"
          }
        },
        "micromark-util-symbol": {
          "version": "2.0.0",
          "resolved": "https://registry.npmjs.org/micromark-util-symbol/-/micromark-util-symbol-2.0.0.tgz",
          "integrity": "sha512-8JZt9ElZ5kyTnO94muPxIGS8oyElRJaiJO8EzV6ZSyGQ1Is8xwl4Q45qU5UOg+bGH4AikWziz0iN4sFLWs8PGw=="
        },
        "micromark-util-types": {
          "version": "2.0.0",
          "resolved": "https://registry.npmjs.org/micromark-util-types/-/micromark-util-types-2.0.0.tgz",
          "integrity": "sha512-oNh6S2WMHWRZrmutsRmDDfkzKtxF+bc2VxLC9dvtrDIRFln627VsFP6fLMgTryGDljgLPjkrzQSDcPrjPyDJ5w=="
        }
      }
    },
    "micromark-factory-whitespace": {
      "version": "2.0.0",
      "resolved": "https://registry.npmjs.org/micromark-factory-whitespace/-/micromark-factory-whitespace-2.0.0.tgz",
      "integrity": "sha512-28kbwaBjc5yAI1XadbdPYHX/eDnqaUFVikLwrO7FDnKG7lpgxnvk/XGRhX/PN0mOZ+dBSZ+LgunHS+6tYQAzhA==",
      "requires": {
        "micromark-factory-space": "^2.0.0",
        "micromark-util-character": "^2.0.0",
        "micromark-util-symbol": "^2.0.0",
        "micromark-util-types": "^2.0.0"
      },
      "dependencies": {
        "micromark-util-character": {
          "version": "2.0.1",
          "resolved": "https://registry.npmjs.org/micromark-util-character/-/micromark-util-character-2.0.1.tgz",
          "integrity": "sha512-3wgnrmEAJ4T+mGXAUfMvMAbxU9RDG43XmGce4j6CwPtVxB3vfwXSZ6KhFwDzZ3mZHhmPimMAXg71veiBGzeAZw==",
          "requires": {
            "micromark-util-symbol": "^2.0.0",
            "micromark-util-types": "^2.0.0"
          }
        },
        "micromark-util-symbol": {
          "version": "2.0.0",
          "resolved": "https://registry.npmjs.org/micromark-util-symbol/-/micromark-util-symbol-2.0.0.tgz",
          "integrity": "sha512-8JZt9ElZ5kyTnO94muPxIGS8oyElRJaiJO8EzV6ZSyGQ1Is8xwl4Q45qU5UOg+bGH4AikWziz0iN4sFLWs8PGw=="
        },
        "micromark-util-types": {
          "version": "2.0.0",
          "resolved": "https://registry.npmjs.org/micromark-util-types/-/micromark-util-types-2.0.0.tgz",
          "integrity": "sha512-oNh6S2WMHWRZrmutsRmDDfkzKtxF+bc2VxLC9dvtrDIRFln627VsFP6fLMgTryGDljgLPjkrzQSDcPrjPyDJ5w=="
        }
      }
    },
    "micromark-util-character": {
      "version": "2.0.1",
      "resolved": "https://registry.npmjs.org/micromark-util-character/-/micromark-util-character-2.0.1.tgz",
      "integrity": "sha512-3wgnrmEAJ4T+mGXAUfMvMAbxU9RDG43XmGce4j6CwPtVxB3vfwXSZ6KhFwDzZ3mZHhmPimMAXg71veiBGzeAZw==",
      "requires": {
        "micromark-util-symbol": "^2.0.0",
        "micromark-util-types": "^2.0.0"
      }
    },
    "micromark-util-chunked": {
      "version": "2.0.0",
      "resolved": "https://registry.npmjs.org/micromark-util-chunked/-/micromark-util-chunked-2.0.0.tgz",
      "integrity": "sha512-anK8SWmNphkXdaKgz5hJvGa7l00qmcaUQoMYsBwDlSKFKjc6gjGXPDw3FNL3Nbwq5L8gE+RCbGqTw49FK5Qyvg==",
      "requires": {
        "micromark-util-symbol": "^2.0.0"
      },
      "dependencies": {
        "micromark-util-symbol": {
          "version": "2.0.0",
          "resolved": "https://registry.npmjs.org/micromark-util-symbol/-/micromark-util-symbol-2.0.0.tgz",
          "integrity": "sha512-8JZt9ElZ5kyTnO94muPxIGS8oyElRJaiJO8EzV6ZSyGQ1Is8xwl4Q45qU5UOg+bGH4AikWziz0iN4sFLWs8PGw=="
        }
      }
    },
    "micromark-util-classify-character": {
      "version": "2.0.0",
      "resolved": "https://registry.npmjs.org/micromark-util-classify-character/-/micromark-util-classify-character-2.0.0.tgz",
      "integrity": "sha512-S0ze2R9GH+fu41FA7pbSqNWObo/kzwf8rN/+IGlW/4tC6oACOs8B++bh+i9bVyNnwCcuksbFwsBme5OCKXCwIw==",
      "requires": {
        "micromark-util-character": "^2.0.0",
        "micromark-util-symbol": "^2.0.0",
        "micromark-util-types": "^2.0.0"
      },
      "dependencies": {
        "micromark-util-character": {
          "version": "2.0.1",
          "resolved": "https://registry.npmjs.org/micromark-util-character/-/micromark-util-character-2.0.1.tgz",
          "integrity": "sha512-3wgnrmEAJ4T+mGXAUfMvMAbxU9RDG43XmGce4j6CwPtVxB3vfwXSZ6KhFwDzZ3mZHhmPimMAXg71veiBGzeAZw==",
          "requires": {
            "micromark-util-symbol": "^2.0.0",
            "micromark-util-types": "^2.0.0"
          }
        },
        "micromark-util-symbol": {
          "version": "2.0.0",
          "resolved": "https://registry.npmjs.org/micromark-util-symbol/-/micromark-util-symbol-2.0.0.tgz",
          "integrity": "sha512-8JZt9ElZ5kyTnO94muPxIGS8oyElRJaiJO8EzV6ZSyGQ1Is8xwl4Q45qU5UOg+bGH4AikWziz0iN4sFLWs8PGw=="
        },
        "micromark-util-types": {
          "version": "2.0.0",
          "resolved": "https://registry.npmjs.org/micromark-util-types/-/micromark-util-types-2.0.0.tgz",
          "integrity": "sha512-oNh6S2WMHWRZrmutsRmDDfkzKtxF+bc2VxLC9dvtrDIRFln627VsFP6fLMgTryGDljgLPjkrzQSDcPrjPyDJ5w=="
        }
      }
    },
    "micromark-util-combine-extensions": {
      "version": "2.0.0",
      "resolved": "https://registry.npmjs.org/micromark-util-combine-extensions/-/micromark-util-combine-extensions-2.0.0.tgz",
      "integrity": "sha512-vZZio48k7ON0fVS3CUgFatWHoKbbLTK/rT7pzpJ4Bjp5JjkZeasRfrS9wsBdDJK2cJLHMckXZdzPSSr1B8a4oQ==",
      "requires": {
        "micromark-util-chunked": "^2.0.0",
        "micromark-util-types": "^2.0.0"
      },
      "dependencies": {
        "micromark-util-types": {
          "version": "2.0.0",
          "resolved": "https://registry.npmjs.org/micromark-util-types/-/micromark-util-types-2.0.0.tgz",
          "integrity": "sha512-oNh6S2WMHWRZrmutsRmDDfkzKtxF+bc2VxLC9dvtrDIRFln627VsFP6fLMgTryGDljgLPjkrzQSDcPrjPyDJ5w=="
        }
      }
    },
    "micromark-util-encode": {
      "version": "2.0.0",
      "resolved": "https://registry.npmjs.org/micromark-util-encode/-/micromark-util-encode-2.0.0.tgz",
      "integrity": "sha512-pS+ROfCXAGLWCOc8egcBvT0kf27GoWMqtdarNfDcjb6YLuV5cM3ioG45Ys2qOVqeqSbjaKg72vU+Wby3eddPsA=="
    },
    "micromark-util-html-tag-name": {
      "version": "2.0.0",
      "resolved": "https://registry.npmjs.org/micromark-util-html-tag-name/-/micromark-util-html-tag-name-2.0.0.tgz",
      "integrity": "sha512-xNn4Pqkj2puRhKdKTm8t1YHC/BAjx6CEwRFXntTaRf/x16aqka6ouVoutm+QdkISTlT7e2zU7U4ZdlDLJd2Mcw=="
    },
    "micromark-util-normalize-identifier": {
      "version": "2.0.0",
      "resolved": "https://registry.npmjs.org/micromark-util-normalize-identifier/-/micromark-util-normalize-identifier-2.0.0.tgz",
      "integrity": "sha512-2xhYT0sfo85FMrUPtHcPo2rrp1lwbDEEzpx7jiH2xXJLqBuy4H0GgXk5ToU8IEwoROtXuL8ND0ttVa4rNqYK3w==",
      "requires": {
        "micromark-util-symbol": "^2.0.0"
      },
      "dependencies": {
        "micromark-util-symbol": {
          "version": "2.0.0",
          "resolved": "https://registry.npmjs.org/micromark-util-symbol/-/micromark-util-symbol-2.0.0.tgz",
          "integrity": "sha512-8JZt9ElZ5kyTnO94muPxIGS8oyElRJaiJO8EzV6ZSyGQ1Is8xwl4Q45qU5UOg+bGH4AikWziz0iN4sFLWs8PGw=="
        }
      }
    },
    "micromark-util-resolve-all": {
      "version": "2.0.0",
      "resolved": "https://registry.npmjs.org/micromark-util-resolve-all/-/micromark-util-resolve-all-2.0.0.tgz",
      "integrity": "sha512-6KU6qO7DZ7GJkaCgwBNtplXCvGkJToU86ybBAUdavvgsCiG8lSSvYxr9MhwmQ+udpzywHsl4RpGJsYWG1pDOcA==",
      "requires": {
        "micromark-util-types": "^2.0.0"
      },
      "dependencies": {
        "micromark-util-types": {
          "version": "2.0.0",
          "resolved": "https://registry.npmjs.org/micromark-util-types/-/micromark-util-types-2.0.0.tgz",
          "integrity": "sha512-oNh6S2WMHWRZrmutsRmDDfkzKtxF+bc2VxLC9dvtrDIRFln627VsFP6fLMgTryGDljgLPjkrzQSDcPrjPyDJ5w=="
        }
      }
    },
    "micromark-util-sanitize-uri": {
      "version": "2.0.0",
      "resolved": "https://registry.npmjs.org/micromark-util-sanitize-uri/-/micromark-util-sanitize-uri-2.0.0.tgz",
      "integrity": "sha512-WhYv5UEcZrbAtlsnPuChHUAsu/iBPOVaEVsntLBIdpibO0ddy8OzavZz3iL2xVvBZOpolujSliP65Kq0/7KIYw==",
      "requires": {
        "micromark-util-character": "^2.0.0",
        "micromark-util-encode": "^2.0.0",
        "micromark-util-symbol": "^2.0.0"
      },
      "dependencies": {
        "micromark-util-character": {
          "version": "2.0.1",
          "resolved": "https://registry.npmjs.org/micromark-util-character/-/micromark-util-character-2.0.1.tgz",
          "integrity": "sha512-3wgnrmEAJ4T+mGXAUfMvMAbxU9RDG43XmGce4j6CwPtVxB3vfwXSZ6KhFwDzZ3mZHhmPimMAXg71veiBGzeAZw==",
          "requires": {
            "micromark-util-symbol": "^2.0.0",
            "micromark-util-types": "^2.0.0"
          }
        },
        "micromark-util-symbol": {
          "version": "2.0.0",
          "resolved": "https://registry.npmjs.org/micromark-util-symbol/-/micromark-util-symbol-2.0.0.tgz",
          "integrity": "sha512-8JZt9ElZ5kyTnO94muPxIGS8oyElRJaiJO8EzV6ZSyGQ1Is8xwl4Q45qU5UOg+bGH4AikWziz0iN4sFLWs8PGw=="
        },
        "micromark-util-types": {
          "version": "2.0.0",
          "resolved": "https://registry.npmjs.org/micromark-util-types/-/micromark-util-types-2.0.0.tgz",
          "integrity": "sha512-oNh6S2WMHWRZrmutsRmDDfkzKtxF+bc2VxLC9dvtrDIRFln627VsFP6fLMgTryGDljgLPjkrzQSDcPrjPyDJ5w=="
        }
      }
    },
    "micromark-util-subtokenize": {
      "version": "2.0.0",
      "resolved": "https://registry.npmjs.org/micromark-util-subtokenize/-/micromark-util-subtokenize-2.0.0.tgz",
      "integrity": "sha512-vc93L1t+gpR3p8jxeVdaYlbV2jTYteDje19rNSS/H5dlhxUYll5Fy6vJ2cDwP8RnsXi818yGty1ayP55y3W6fg==",
      "requires": {
        "devlop": "^1.0.0",
        "micromark-util-chunked": "^2.0.0",
        "micromark-util-symbol": "^2.0.0",
        "micromark-util-types": "^2.0.0"
      },
      "dependencies": {
        "micromark-util-symbol": {
          "version": "2.0.0",
          "resolved": "https://registry.npmjs.org/micromark-util-symbol/-/micromark-util-symbol-2.0.0.tgz",
          "integrity": "sha512-8JZt9ElZ5kyTnO94muPxIGS8oyElRJaiJO8EzV6ZSyGQ1Is8xwl4Q45qU5UOg+bGH4AikWziz0iN4sFLWs8PGw=="
        },
        "micromark-util-types": {
          "version": "2.0.0",
          "resolved": "https://registry.npmjs.org/micromark-util-types/-/micromark-util-types-2.0.0.tgz",
          "integrity": "sha512-oNh6S2WMHWRZrmutsRmDDfkzKtxF+bc2VxLC9dvtrDIRFln627VsFP6fLMgTryGDljgLPjkrzQSDcPrjPyDJ5w=="
        }
      }
    },
    "micromark-util-symbol": {
      "version": "2.0.0",
      "resolved": "https://registry.npmjs.org/micromark-util-symbol/-/micromark-util-symbol-2.0.0.tgz",
      "integrity": "sha512-8JZt9ElZ5kyTnO94muPxIGS8oyElRJaiJO8EzV6ZSyGQ1Is8xwl4Q45qU5UOg+bGH4AikWziz0iN4sFLWs8PGw=="
    },
    "micromark-util-types": {
      "version": "2.0.0",
      "resolved": "https://registry.npmjs.org/micromark-util-types/-/micromark-util-types-2.0.0.tgz",
      "integrity": "sha512-oNh6S2WMHWRZrmutsRmDDfkzKtxF+bc2VxLC9dvtrDIRFln627VsFP6fLMgTryGDljgLPjkrzQSDcPrjPyDJ5w=="
    },
    "ms": {
      "version": "2.1.2",
      "resolved": "https://registry.npmjs.org/ms/-/ms-2.1.2.tgz",
      "integrity": "sha512-sGkPx+VjMtmA6MX27oA4FBFELFCZZ4S4XqeGOXCv68tT+jb3vk/RyaKWP0PTKyWtmLSM0b+adUTEvbs1PEaH2w=="
    },
    "remark-frontmatter": {
      "version": "5.0.0",
      "resolved": "https://registry.npmjs.org/remark-frontmatter/-/remark-frontmatter-5.0.0.tgz",
      "integrity": "sha512-XTFYvNASMe5iPN0719nPrdItC9aU0ssC4v14mH1BCi1u0n1gAocqcujWUrByftZTbLhRtiKRyjYTSIOcr69UVQ==",
      "requires": {
        "@types/mdast": "^4.0.0",
        "mdast-util-frontmatter": "^2.0.0",
        "micromark-extension-frontmatter": "^2.0.0",
        "unified": "^11.0.0"
      },
      "dependencies": {
        "@types/mdast": {
          "version": "4.0.0",
          "resolved": "https://registry.npmjs.org/@types/mdast/-/mdast-4.0.0.tgz",
          "integrity": "sha512-YLeG8CujC9adtj/kuDzq1N4tCDYKoZ5l/bnjq8d74+t/3q/tHquJOJKUQXJrLCflOHpKjXgcI/a929gpmLOEng==",
          "requires": {
            "@types/unist": "*"
          }
        }
      }
    },
    "remark-parse": {
      "version": "11.0.0",
      "resolved": "https://registry.npmjs.org/remark-parse/-/remark-parse-11.0.0.tgz",
      "integrity": "sha512-FCxlKLNGknS5ba/1lmpYijMUzX2esxW5xQqjWxw2eHFfS2MSdaHVINFmhjo+qN1WhZhNimq0dZATN9pH0IDrpA==",
      "requires": {
        "@types/mdast": "^4.0.0",
        "mdast-util-from-markdown": "^2.0.0",
        "micromark-util-types": "^2.0.0",
        "unified": "^11.0.0"
      },
      "dependencies": {
        "@types/mdast": {
          "version": "4.0.0",
          "resolved": "https://registry.npmjs.org/@types/mdast/-/mdast-4.0.0.tgz",
          "integrity": "sha512-YLeG8CujC9adtj/kuDzq1N4tCDYKoZ5l/bnjq8d74+t/3q/tHquJOJKUQXJrLCflOHpKjXgcI/a929gpmLOEng==",
          "requires": {
            "@types/unist": "*"
          }
        },
        "micromark-util-types": {
          "version": "2.0.0",
          "resolved": "https://registry.npmjs.org/micromark-util-types/-/micromark-util-types-2.0.0.tgz",
          "integrity": "sha512-oNh6S2WMHWRZrmutsRmDDfkzKtxF+bc2VxLC9dvtrDIRFln627VsFP6fLMgTryGDljgLPjkrzQSDcPrjPyDJ5w=="
        }
      }
    },
    "remark-squeeze-paragraphs": {
      "version": "6.0.0",
      "resolved": "https://registry.npmjs.org/remark-squeeze-paragraphs/-/remark-squeeze-paragraphs-6.0.0.tgz",
      "integrity": "sha512-qOk1am0QjTGoCPsFuORIZteajsFzLV2m8ijOn3zX9Y0P0IE0lMgjzyP0BxICWnvNz3j+9B+LUNnLHquNu+IrBw==",
      "requires": {
        "@types/mdast": "^4.0.0",
        "mdast-squeeze-paragraphs": "^6.0.0"
      }
    },
    "remark-stringify": {
      "version": "11.0.0",
      "resolved": "https://registry.npmjs.org/remark-stringify/-/remark-stringify-11.0.0.tgz",
      "integrity": "sha512-1OSmLd3awB/t8qdoEOMazZkNsfVTeY4fTsgzcQFdXNq8ToTN4ZGwrMnlda4K6smTFKD+GRV6O48i6Z4iKgPPpw==",
      "requires": {
        "@types/mdast": "^4.0.0",
        "mdast-util-to-markdown": "^2.0.0",
        "unified": "^11.0.0"
      },
      "dependencies": {
        "@types/mdast": {
          "version": "4.0.0",
          "resolved": "https://registry.npmjs.org/@types/mdast/-/mdast-4.0.0.tgz",
          "integrity": "sha512-YLeG8CujC9adtj/kuDzq1N4tCDYKoZ5l/bnjq8d74+t/3q/tHquJOJKUQXJrLCflOHpKjXgcI/a929gpmLOEng==",
          "requires": {
            "@types/unist": "*"
          }
        }
      }
    },
    "to-vfile": {
      "version": "8.0.0",
      "resolved": "https://registry.npmjs.org/to-vfile/-/to-vfile-8.0.0.tgz",
      "integrity": "sha512-IcmH1xB5576MJc9qcfEC/m/nQCFt3fzMHz45sSlgJyTWjRbKW1HAkJpuf3DgE57YzIlZcwcBZA5ENQbBo4aLkg==",
      "requires": {
        "vfile": "^6.0.0"
      },
      "dependencies": {
        "vfile": {
          "version": "6.0.0",
          "resolved": "https://registry.npmjs.org/vfile/-/vfile-6.0.0.tgz",
          "integrity": "sha512-wx7bOMmEl8bY5WPaXTGsK8YxPLoFiUiDg+m+lBACA1QGcagj3sUyxkX0F+W/Nmn4MHH7G4sXBekpYWRxQE2eHg==",
          "requires": {
            "@types/unist": "^2.0.0",
            "unist-util-stringify-position": "^3.0.0",
            "vfile-message": "^4.0.0"
          }
        },
        "vfile-message": {
          "version": "4.0.1",
          "resolved": "https://registry.npmjs.org/vfile-message/-/vfile-message-4.0.1.tgz",
          "integrity": "sha512-Z1WqUoIK6T6LLoyO64ncUapmjlA84JqKRQFjcG0kZnnyysfq2rMyg5NvKhkQ16GH9FRCRT+Rk4G0aMxgKYS16g==",
          "requires": {
            "@types/unist": "^2.0.0",
            "unist-util-stringify-position": "^3.0.0"
          }
        }
      }
    },
    "trough": {
      "version": "2.1.0",
      "resolved": "https://registry.npmjs.org/trough/-/trough-2.1.0.tgz",
      "integrity": "sha512-AqTiAOLcj85xS7vQ8QkAV41hPDIJ71XJB4RCUrzo/1GM2CQwhkJGaf9Hgr7BOugMRpgGUrqRg/DrBDl4H40+8g=="
    },
    "unified": {
      "version": "11.0.3",
      "resolved": "https://registry.npmjs.org/unified/-/unified-11.0.3.tgz",
      "integrity": "sha512-jlCV402P+YDcFcB2VcN/n8JasOddqIiaxv118wNBoZXEhOn+lYG7BR4Bfg2BwxvlK58dwbuH2w7GX2esAjL6Mg==",
      "requires": {
        "@types/unist": "^3.0.0",
        "bail": "^2.0.0",
        "devlop": "^1.0.0",
        "extend": "^3.0.0",
        "is-plain-obj": "^4.0.0",
        "trough": "^2.0.0",
        "vfile": "^6.0.0"
      },
      "dependencies": {
        "@types/unist": {
          "version": "3.0.0",
          "resolved": "https://registry.npmjs.org/@types/unist/-/unist-3.0.0.tgz",
          "integrity": "sha512-MFETx3tbTjE7Uk6vvnWINA/1iJ7LuMdO4fcq8UfF0pRbj01aGLduVvQcRyswuACJdpnHgg8E3rQLhaRdNEJS0w=="
        }
      }
    },
    "unist-util-stringify-position": {
      "version": "3.0.0",
      "resolved": "https://registry.npmjs.org/unist-util-stringify-position/-/unist-util-stringify-position-3.0.0.tgz",
      "integrity": "sha512-SdfAl8fsDclywZpfMDTVDxA2V7LjtRDTOFd44wUJamgl6OlVngsqWjxvermMYf60elWHbxhuRCZml7AnuXCaSA==",
      "requires": {
        "@types/unist": "^2.0.0"
      }
    },
    "unist-util-visit": {
      "version": "5.0.0",
      "resolved": "https://registry.npmjs.org/unist-util-visit/-/unist-util-visit-5.0.0.tgz",
      "integrity": "sha512-MR04uvD+07cwl/yhVuVWAtw+3GOR/knlL55Nd/wAdblk27GCVt3lqpTivy/tkJcZoNPzTwS1Y+KMojlLDhoTzg==",
      "requires": {
        "@types/unist": "^3.0.0",
        "unist-util-is": "^6.0.0",
        "unist-util-visit-parents": "^6.0.0"
      },
      "dependencies": {
        "@types/unist": {
          "version": "3.0.0",
          "resolved": "https://registry.npmjs.org/@types/unist/-/unist-3.0.0.tgz",
          "integrity": "sha512-MFETx3tbTjE7Uk6vvnWINA/1iJ7LuMdO4fcq8UfF0pRbj01aGLduVvQcRyswuACJdpnHgg8E3rQLhaRdNEJS0w=="
        },
        "unist-util-is": {
          "version": "6.0.0",
          "resolved": "https://registry.npmjs.org/unist-util-is/-/unist-util-is-6.0.0.tgz",
          "integrity": "sha512-2qCTHimwdxLfz+YzdGfkqNlH0tLi9xjTnHddPmJwtIG9MGsdbutfTc4P+haPD7l7Cjxf/WZj+we5qfVPvvxfYw==",
          "requires": {
            "@types/unist": "^3.0.0"
          }
        },
        "unist-util-visit-parents": {
          "version": "6.0.1",
          "resolved": "https://registry.npmjs.org/unist-util-visit-parents/-/unist-util-visit-parents-6.0.1.tgz",
          "integrity": "sha512-L/PqWzfTP9lzzEa6CKs0k2nARxTdZduw3zyh8d2NVBnsyvHjSX4TWse388YrrQKbvI8w20fGjGlhgT96WwKykw==",
          "requires": {
            "@types/unist": "^3.0.0",
            "unist-util-is": "^6.0.0"
          }
        }
      }
    },
    "vfile": {
      "version": "6.0.1",
      "resolved": "https://registry.npmjs.org/vfile/-/vfile-6.0.1.tgz",
      "integrity": "sha512-1bYqc7pt6NIADBJ98UiG0Bn/CHIVOoZ/IyEkqIruLg0mE1BKzkOXY2D6CSqQIcKqgadppE5lrxgWXJmXd7zZJw==",
      "requires": {
        "@types/unist": "^3.0.0",
        "unist-util-stringify-position": "^4.0.0",
        "vfile-message": "^4.0.0"
      },
      "dependencies": {
        "@types/unist": {
          "version": "3.0.0",
          "resolved": "https://registry.npmjs.org/@types/unist/-/unist-3.0.0.tgz",
          "integrity": "sha512-MFETx3tbTjE7Uk6vvnWINA/1iJ7LuMdO4fcq8UfF0pRbj01aGLduVvQcRyswuACJdpnHgg8E3rQLhaRdNEJS0w=="
        },
        "unist-util-stringify-position": {
          "version": "4.0.0",
          "resolved": "https://registry.npmjs.org/unist-util-stringify-position/-/unist-util-stringify-position-4.0.0.tgz",
          "integrity": "sha512-0ASV06AAoKCDkS2+xw5RXJywruurpbC4JZSm7nr7MOt1ojAzvyyaO+UxZf18j8FCF6kmzCZKcAgN/yu2gm2XgQ==",
          "requires": {
            "@types/unist": "^3.0.0"
          }
        }
      }
    },
    "vfile-message": {
      "version": "4.0.2",
      "resolved": "https://registry.npmjs.org/vfile-message/-/vfile-message-4.0.2.tgz",
      "integrity": "sha512-jRDZ1IMLttGj41KcZvlrYAaI3CfqpLpfpf+Mfig13viT6NKvRzWZ+lXz0Y5D60w6uJIBAOGq9mSHf0gktF0duw==",
      "requires": {
        "@types/unist": "^3.0.0",
        "unist-util-stringify-position": "^4.0.0"
      },
      "dependencies": {
        "@types/unist": {
          "version": "3.0.0",
          "resolved": "https://registry.npmjs.org/@types/unist/-/unist-3.0.0.tgz",
          "integrity": "sha512-MFETx3tbTjE7Uk6vvnWINA/1iJ7LuMdO4fcq8UfF0pRbj01aGLduVvQcRyswuACJdpnHgg8E3rQLhaRdNEJS0w=="
        },
        "unist-util-stringify-position": {
          "version": "4.0.0",
          "resolved": "https://registry.npmjs.org/unist-util-stringify-position/-/unist-util-stringify-position-4.0.0.tgz",
          "integrity": "sha512-0ASV06AAoKCDkS2+xw5RXJywruurpbC4JZSm7nr7MOt1ojAzvyyaO+UxZf18j8FCF6kmzCZKcAgN/yu2gm2XgQ==",
          "requires": {
            "@types/unist": "^3.0.0"
          }
        }
      }
    },
    "zwitch": {
      "version": "2.0.4",
      "resolved": "https://registry.npmjs.org/zwitch/-/zwitch-2.0.4.tgz",
      "integrity": "sha512-bXE4cR/kVZhKZX/RjPEflHaKVhUVl85noU3v6b8apfQEc1x4A+zBxjZ4lN8LqGd6WZ3dl98pY4o717VFmoPp+A=="
    }
  }
}
